
Microsoft Visual Studio Solution File, Format Version 12.00
# Visual Studio Version 17
VisualStudioVersion = 17.2.32210.308
MinimumVisualStudioVersion = 10.0.40219.1
Project("{FAE04EC0-301F-11D3-BF4B-00C04F79EFBC}") = "NHLAClient", "NHLAClient.csproj", "{11B9AAA0-77A9-44E4-A932-B838204305E3}"
EndProject
Global
	GlobalSection(SolutionConfigurationPlatforms) = preSolution
		Debug|Any CPU = Debug|Any CPU
		Release|Any CPU = Release|Any CPU
	EndGlobalSection
	GlobalSection(ProjectConfigurationPlatforms) = postSolution
		{11B9AAA0-77A9-44E4-A932-B838204305E3}.Debug|Any CPU.ActiveCfg = Debug|Any CPU
		{11B9AAA0-77A9-44E4-A932-B838204305E3}.Debug|Any CPU.Build.0 = Debug|Any CPU
		{11B9AAA0-77A9-44E4-A932-B838204305E3}.Release|Any CPU.ActiveCfg = Release|Any CPU
		{11B9AAA0-77A9-44E4-A932-B838204305E3}.Release|Any CPU.Build.0 = Release|Any CPU
	EndGlobalSection
	GlobalSection(SolutionProperties) = preSolution
		HideSolutionNode = FALSE
	EndGlobalSection
	GlobalSection(ExtensibilityGlobals) = postSolution
		SolutionGuid = {F0221692-807B-44C7-BD7B-6558B64D45CA}
	EndGlobalSection
EndGlobal
